<?xml version="1.0" encoding="utf-8"?>
<Project ToolsVersion="4.0" xmlns="http://schemas.microsoft.com/developer/msbuild/2003">
  <ItemGroup>
    <ClInclude Include="Client.h">
      <Filter>98.Default</Filter>
    </ClInclude>
    <ClInclude Include="Resource.h">
      <Filter>98.Default</Filter>
    </ClInclude>
    <ClInclude Include="stdafx.h">
      <Filter>98.Default</Filter>
    </ClInclude>
    <ClInclude Include="targetver.h">
      <Filter>98.Default</Filter>
    </ClInclude>
    <ClInclude Include="..\Public\MainApp.h">
      <Filter>00.MainApp</Filter>
    </ClInclude>
    <ClInclude Include="..\Public\Client_Defines.h">
      <Filter>99.Defines</Filter>
    </ClInclude>
    <ClInclude Include="..\Public\Level_GamePlay.h">
      <Filter>01.Level\GamePlay</Filter>
    </ClInclude>
    <ClInclude Include="..\Public\Level_Loading.h">
      <Filter>01.Level\Loading</Filter>
    </ClInclude>
    <ClInclude Include="..\Public\Level_Logo.h">
      <Filter>01.Level\Logo</Filter>
    </ClInclude>
    <ClInclude Include="..\Public\Loader.h">
      <Filter>01.Level\Loading\Loader</Filter>
    </ClInclude>
    <ClInclude Include="..\public\BackGround.h">
      <Filter>02.GameObject\04.BackGround</Filter>
    </ClInclude>
    <ClInclude Include="..\Public\Terrain.h">
      <Filter>02.GameObject\06.Terrain</Filter>
    </ClInclude>
    <ClInclude Include="..\Public\Camera_Free.h">
      <Filter>02.GameObject\03.Camera</Filter>
    </ClInclude>
    <ClInclude Include="..\Public\Sky.h">
      <Filter>02.GameObject\07.Sky</Filter>
    </ClInclude>
    <ClInclude Include="..\Bin\ShaderFiles\Client_Shader_Defines.hpp">
      <Filter>03.ShaderFiles</Filter>
    </ClInclude>
    <ClInclude Include="..\Public\LoadingImage.h">
      <Filter>02.GameObject\04.BackGround\LoadingImage</Filter>
    </ClInclude>
    <ClInclude Include="..\Public\Level_Lobby.h">
      <Filter>01.Level\Lobby</Filter>
    </ClInclude>
    <ClInclude Include="..\Public\BG_Lobby.h">
      <Filter>02.GameObject\04.BackGround\BG_Lobby</Filter>
    </ClInclude>
    <ClInclude Include="..\Public\Sensei.h">
      <Filter>00.Design\Sensei</Filter>
    </ClInclude>
    <ClInclude Include="..\Public\Camera_Ex.h">
      <Filter>02.GameObject\03.Camera\Camera_Ex</Filter>
    </ClInclude>
    <ClInclude Include="..\Public\Student.h">
      <Filter>02.GameObject\00.Student</Filter>
    </ClInclude>
    <ClInclude Include="..\Public\Aru.h">
      <Filter>02.GameObject\00.Student\00. Aru</Filter>
    </ClInclude>
    <ClInclude Include="..\Public\State.h">
      <Filter>02.GameObject\01.State</Filter>
    </ClInclude>
    <ClInclude Include="..\Public\Run_Sign.h">
      <Filter>02.GameObject\01.State\Run_Sign</Filter>
    </ClInclude>
    <ClInclude Include="..\Public\Run.h">
      <Filter>02.GameObject\01.State\Run</Filter>
    </ClInclude>
    <ClInclude Include="..\Public\Aru_Ex.h">
      <Filter>02.GameObject\00.Student\00. Aru\Aru_Ex</Filter>
    </ClInclude>
    <ClInclude Include="..\Public\ForkLift.h">
      <Filter>02.GameObject\02.Obstacle</Filter>
    </ClInclude>
    <ClInclude Include="..\Public\Ex_Cutin.h">
      <Filter>02.GameObject\01.State\EX_Cutin</Filter>
    </ClInclude>
    <ClInclude Include="..\Public\Monster.h">
      <Filter>02.GameObject\00.Monster</Filter>
    </ClInclude>
    <ClInclude Include="..\Private\Run_ToHide.h">
      <Filter>02.GameObject\01.State\Run_ToHide</Filter>
    </ClInclude>
    <ClInclude Include="..\Public\Hide_Idle.h">
      <Filter>02.GameObject\01.State\Hide_Idle</Filter>
    </ClInclude>
    <ClInclude Include="..\Public\Fire.h">
      <Filter>02.GameObject\01.State\Fire</Filter>
    </ClInclude>
    <ClInclude Include="..\Public\Hide_FireStart.h">
      <Filter>02.GameObject\01.State\Hide_FireStart</Filter>
    </ClInclude>
    <ClInclude Include="..\Public\Ex.h">
      <Filter>02.GameObject\01.State\Ex</Filter>
    </ClInclude>
    <ClInclude Include="..\Public\Knee_ZoomFire.h">
      <Filter>02.GameObject\01.State\Knee_ZoomFire</Filter>
    </ClInclude>
    <ClInclude Include="..\Public\Knee_ZoomStart.h">
      <Filter>02.GameObject\01.State\Knee_ZoomStart</Filter>
    </ClInclude>
    <ClInclude Include="..\Public\City.h">
      <Filter>02.GameObject\06.Terrain\Map</Filter>
    </ClInclude>
    <ClInclude Include="..\Public\Knee_ZoomEnd.h">
      <Filter>02.GameObject\01.State\Knee_ZoomEnd</Filter>
    </ClInclude>
    <ClInclude Include="..\Public\Knee_Reload.h">
      <Filter>02.GameObject\01.State\Knee_Reload</Filter>
    </ClInclude>
    <ClInclude Include="..\Public\Hide_ReloadStart.h">
      <Filter>02.GameObject\01.State\Hide_ReloadStart</Filter>
    </ClInclude>
    <ClInclude Include="..\Public\Hide_Reloading.h">
      <Filter>02.GameObject\01.State\Hide_Reloading</Filter>
    </ClInclude>
    <ClInclude Include="..\Public\Level_Formation.h">
      <Filter>01.Level\Level_Formation</Filter>
    </ClInclude>
    <ClInclude Include="..\Public\Formation_Idle.h">
      <Filter>02.GameObject\01.State\Formation_Idle</Filter>
    </ClInclude>
    <ClInclude Include="..\Public\Formation_Pick.h">
      <Filter>02.GameObject\01.State\Formation_Pick</Filter>
    </ClInclude>
    <ClInclude Include="..\Public\Formation_Terrain.h">
      <Filter>02.GameObject\06.Terrain\Formation_Terrain</Filter>
    </ClInclude>
    <ClInclude Include="..\Public\Mutsuki.h">
      <Filter>02.GameObject\00.Student\01. Mutsuki</Filter>
    </ClInclude>
  </ItemGroup>
  <ItemGroup>
    <ClCompile Include="Client.cpp">
      <Filter>98.Default</Filter>
    </ClCompile>
    <ClCompile Include="stdafx.cpp">
      <Filter>98.Default</Filter>
    </ClCompile>
    <ClCompile Include="..\Private\MainApp.cpp">
      <Filter>00.MainApp</Filter>
    </ClCompile>
    <ClCompile Include="..\Private\Level_GamePlay.cpp">
      <Filter>01.Level\GamePlay</Filter>
    </ClCompile>
    <ClCompile Include="..\Private\Level_Loading.cpp">
      <Filter>01.Level\Loading</Filter>
    </ClCompile>
    <ClCompile Include="..\Private\Level_Logo.cpp">
      <Filter>01.Level\Logo</Filter>
    </ClCompile>
    <ClCompile Include="..\Private\Loader.cpp">
      <Filter>01.Level\Loading\Loader</Filter>
    </ClCompile>
    <ClCompile Include="..\private\BackGround.cpp">
      <Filter>02.GameObject\04.BackGround</Filter>
    </ClCompile>
    <ClCompile Include="..\Private\Terrain.cpp">
      <Filter>02.GameObject\06.Terrain</Filter>
    </ClCompile>
    <ClCompile Include="..\Private\Camera_Free.cpp">
      <Filter>02.GameObject\03.Camera</Filter>
    </ClCompile>
    <ClCompile Include="..\Private\Sky.cpp">
      <Filter>02.GameObject\07.Sky</Filter>
    </ClCompile>
    <ClCompile Include="..\Private\Level_Lobby.cpp">
      <Filter>01.Level\Lobby</Filter>
    </ClCompile>
    <ClCompile Include="..\Private\BG_Lobby.cpp">
      <Filter>02.GameObject\04.BackGround\BG_Lobby</Filter>
    </ClCompile>
    <ClCompile Include="..\Private\Sensei.cpp">
      <Filter>00.Design\Sensei</Filter>
    </ClCompile>
    <ClCompile Include="..\Private\Camera_Ex.cpp">
      <Filter>02.GameObject\03.Camera\Camera_Ex</Filter>
    </ClCompile>
    <ClCompile Include="..\Private\Student.cpp">
      <Filter>02.GameObject\00.Student</Filter>
    </ClCompile>
    <ClCompile Include="..\Private\Aru.cpp">
      <Filter>02.GameObject\00.Student\00. Aru</Filter>
    </ClCompile>
    <ClCompile Include="..\Private\LoadingImage.cpp">
      <Filter>02.GameObject\04.BackGround\LoadingImage</Filter>
    </ClCompile>
    <ClCompile Include="..\Private\State.cpp">
      <Filter>02.GameObject\01.State</Filter>
    </ClCompile>
    <ClCompile Include="..\Private\Run_Sign.cpp">
      <Filter>02.GameObject\01.State\Run_Sign</Filter>
    </ClCompile>
    <ClCompile Include="..\Private\Run.cpp">
      <Filter>02.GameObject\01.State\Run</Filter>
    </ClCompile>
    <ClCompile Include="..\Private\Aru_Ex.cpp">
      <Filter>02.GameObject\00.Student\00. Aru\Aru_Ex</Filter>
    </ClCompile>
    <ClCompile Include="..\Private\ForkLift.cpp">
      <Filter>02.GameObject\02.Obstacle</Filter>
    </ClCompile>
    <ClCompile Include="..\Private\Ex_Cutin.cpp">
      <Filter>02.GameObject\01.State\EX_Cutin</Filter>
    </ClCompile>
    <ClCompile Include="..\Private\Monster.cpp">
      <Filter>02.GameObject\00.Monster</Filter>
    </ClCompile>
    <ClCompile Include="..\Public\Run_ToHide.cpp">
      <Filter>02.GameObject\01.State\Run_ToHide</Filter>
    </ClCompile>
    <ClCompile Include="..\Private\Hide_Idle.cpp">
      <Filter>02.GameObject\01.State\Hide_Idle</Filter>
    </ClCompile>
    <ClCompile Include="..\Private\Fire.cpp">
      <Filter>02.GameObject\01.State\Fire</Filter>
    </ClCompile>
    <ClCompile Include="..\Private\Hide_FireStart.cpp">
      <Filter>02.GameObject\01.State\Hide_FireStart</Filter>
    </ClCompile>
    <ClCompile Include="..\Private\Ex.cpp">
      <Filter>02.GameObject\01.State\Ex</Filter>
    </ClCompile>
    <ClCompile Include="..\Private\Knee_ZoomFire.cpp">
      <Filter>02.GameObject\01.State\Knee_ZoomFire</Filter>
    </ClCompile>
    <ClCompile Include="..\Private\Knee_ZoomStart.cpp">
      <Filter>02.GameObject\01.State\Knee_ZoomStart</Filter>
    </ClCompile>
    <ClCompile Include="..\Private\City.cpp">
      <Filter>02.GameObject\06.Terrain\Map</Filter>
    </ClCompile>
    <ClCompile Include="..\Private\Knee_ZoomEnd.cpp">
      <Filter>02.GameObject\01.State\Knee_ZoomEnd</Filter>
    </ClCompile>
    <ClCompile Include="..\Private\Knee_Reload.cpp">
      <Filter>02.GameObject\01.State\Knee_Reload</Filter>
    </ClCompile>
    <ClCompile Include="..\Private\Hide_ReloadStart.cpp">
      <Filter>02.GameObject\01.State\Hide_ReloadStart</Filter>
    </ClCompile>
    <ClCompile Include="..\Private\Hide_Reloading.cpp">
      <Filter>02.GameObject\01.State\Hide_Reloading</Filter>
    </ClCompile>
    <ClCompile Include="..\Private\Level_Formation.cpp">
      <Filter>01.Level\Level_Formation</Filter>
    </ClCompile>
    <ClCompile Include="..\Private\Formation_Idle.cpp">
      <Filter>02.GameObject\01.State\Formation_Idle</Filter>
    </ClCompile>
    <ClCompile Include="..\Private\Formation_Pick.cpp">
      <Filter>02.GameObject\01.State\Formation_Pick</Filter>
    </ClCompile>
    <ClCompile Include="..\Private\Formation_Terrain.cpp">
      <Filter>02.GameObject\06.Terrain\Formation_Terrain</Filter>
    </ClCompile>
    <ClCompile Include="..\Private\Mutsuki.cpp">
      <Filter>02.GameObject\00.Student\01. Mutsuki</Filter>
    </ClCompile>
  </ItemGroup>
  <ItemGroup>
    <Image Include="Client.ico">
      <Filter>98.Default</Filter>
    </Image>
    <Image Include="small.ico">
      <Filter>98.Default</Filter>
    </Image>
  </ItemGroup>
  <ItemGroup>
    <Filter Include="00.MainApp">
      <UniqueIdentifier>{d893f375-d010-4a8a-bdbc-7084075a09cb}</UniqueIdentifier>
    </Filter>
    <Filter Include="99.Defines">
      <UniqueIdentifier>{ca7671a3-fda7-41c0-8070-09afde17063e}</UniqueIdentifier>
    </Filter>
    <Filter Include="98.Default">
      <UniqueIdentifier>{65376df2-2a03-48c0-b9a4-e1bcd404fb50}</UniqueIdentifier>
    </Filter>
    <Filter Include="01.Level">
      <UniqueIdentifier>{21371941-8fc0-43d9-b47a-6f347c9fae61}</UniqueIdentifier>
    </Filter>
    <Filter Include="01.Level\Logo">
      <UniqueIdentifier>{289b4d09-7c95-466b-9f74-173b2e22e40e}</UniqueIdentifier>
    </Filter>
    <Filter Include="01.Level\GamePlay">
      <UniqueIdentifier>{2c0cd078-e1ec-4276-a003-e7ec4d0edcf0}</UniqueIdentifier>
    </Filter>
    <Filter Include="01.Level\Loading">
      <UniqueIdentifier>{807441ba-e54d-4b86-960a-e96a8505241f}</UniqueIdentifier>
    </Filter>
    <Filter Include="01.Level\Loading\Loader">
      <UniqueIdentifier>{33e1de52-700d-4cac-9e56-af962b2b6268}</UniqueIdentifier>
    </Filter>
    <Filter Include="02.GameObject">
      <UniqueIdentifier>{57f74c26-08d1-4431-861b-7a6105d37c3f}</UniqueIdentifier>
    </Filter>
    <Filter Include="03.ShaderFiles">
      <UniqueIdentifier>{d3a98933-0c07-4640-bc38-9a0b4f9abd9e}</UniqueIdentifier>
    </Filter>
    <Filter Include="01.Level\Lobby">
      <UniqueIdentifier>{7e404202-24cc-48c1-a722-9784376dee40}</UniqueIdentifier>
    </Filter>
    <Filter Include="00.Design">
      <UniqueIdentifier>{36de67cd-4c03-46d2-ab0c-9d373df96dbc}</UniqueIdentifier>
    </Filter>
    <Filter Include="00.Design\Sensei">
      <UniqueIdentifier>{389923aa-b11d-4cfc-830b-df03a6d85bfc}</UniqueIdentifier>
    </Filter>
    <Filter Include="02.GameObject\00.Student">
      <UniqueIdentifier>{3907ecac-8ac1-4f4b-aa9f-6060b7bdd066}</UniqueIdentifier>
    </Filter>
    <Filter Include="02.GameObject\00.Student\00. Aru">
      <UniqueIdentifier>{c0c8e996-cdad-403f-942e-1f9762ce2bc5}</UniqueIdentifier>
    </Filter>
    <Filter Include="02.GameObject\03.Camera">
      <UniqueIdentifier>{bc09692a-cf30-483f-b2c5-106cf1ce0bbe}</UniqueIdentifier>
    </Filter>
    <Filter Include="02.GameObject\03.Camera\Camera_Ex">
      <UniqueIdentifier>{f5aa8694-719b-4cb8-aebc-b12a4edf5696}</UniqueIdentifier>
    </Filter>
    <Filter Include="02.GameObject\04.BackGround">
      <UniqueIdentifier>{c829d861-a14a-4627-a9ce-aa73e649e01e}</UniqueIdentifier>
    </Filter>
    <Filter Include="02.GameObject\04.BackGround\LoadingImage">
      <UniqueIdentifier>{8c5ac1f4-9f7f-422a-9d70-596186ddc00e}</UniqueIdentifier>
    </Filter>
    <Filter Include="02.GameObject\04.BackGround\LoadingImage\GameLogo">
      <UniqueIdentifier>{17eac4a8-3f70-440d-8326-2b153a4762bd}</UniqueIdentifier>
    </Filter>
    <Filter Include="02.GameObject\04.BackGround\LoadingImage\FadeImage">
      <UniqueIdentifier>{95fc54d3-6528-4e88-8296-3c9e79c10c16}</UniqueIdentifier>
    </Filter>
    <Filter Include="02.GameObject\04.BackGround\BG_Lobby">
      <UniqueIdentifier>{e4d79119-13e7-49f2-a408-eaca2d6fc2ed}</UniqueIdentifier>
    </Filter>
    <Filter Include="02.GameObject\05.UI">
      <UniqueIdentifier>{0652f6ff-6032-40bb-9c46-a5dd685a071d}</UniqueIdentifier>
    </Filter>
    <Filter Include="02.GameObject\05.UI\Lobby_UI">
      <UniqueIdentifier>{77644339-21b1-445c-9def-c0f104e0fc22}</UniqueIdentifier>
    </Filter>
    <Filter Include="02.GameObject\06.Terrain">
      <UniqueIdentifier>{da236dcb-b5e6-4bb7-a979-485518c32bc1}</UniqueIdentifier>
    </Filter>
    <Filter Include="02.GameObject\07.Sky">
      <UniqueIdentifier>{3e4f58c9-22e0-4a53-9a6e-3405a181b217}</UniqueIdentifier>
    </Filter>
    <Filter Include="02.GameObject\00.Student\01. Mutsuki">
      <UniqueIdentifier>{7f0f99de-01ee-4a24-a50a-e69aa70b4f30}</UniqueIdentifier>
    </Filter>
    <Filter Include="02.GameObject\00.Student\00. Aru\Aru_Ex">
      <UniqueIdentifier>{cf4c17e5-260f-48ba-a8f8-ea177813a7ea}</UniqueIdentifier>
    </Filter>
    <Filter Include="02.GameObject\01.State">
      <UniqueIdentifier>{4a482f13-42f2-42e5-8eb8-9047dc1b6c6f}</UniqueIdentifier>
    </Filter>
    <Filter Include="02.GameObject\01.State\EX_Cutin">
      <UniqueIdentifier>{0b9da3b3-34fa-4167-a641-28c32f72f75e}</UniqueIdentifier>
    </Filter>
    <Filter Include="02.GameObject\01.State\Formation_Idle">
      <UniqueIdentifier>{72e0eb0f-d86c-487a-b1bd-716aa70d6889}</UniqueIdentifier>
    </Filter>
    <Filter Include="02.GameObject\01.State\Formation_Pick">
      <UniqueIdentifier>{57fab7ff-d43b-4f61-ae23-b11c6edf4707}</UniqueIdentifier>
    </Filter>
    <Filter Include="02.GameObject\01.State\Knee_Zoom">
      <UniqueIdentifier>{4bed9ea3-9fb2-46bd-95f4-f000304ecb43}</UniqueIdentifier>
    </Filter>
    <Filter Include="02.GameObject\01.State\Hide_ReloadStart">
      <UniqueIdentifier>{c8033dc8-4e7d-40f8-ab3d-50462cada297}</UniqueIdentifier>
    </Filter>
    <Filter Include="02.GameObject\01.State\Fire">
      <UniqueIdentifier>{9f489b98-593c-4347-93bb-a4481bd8e3e5}</UniqueIdentifier>
    </Filter>
    <Filter Include="02.GameObject\01.State\Hide_Sign">
      <UniqueIdentifier>{6b764e08-c797-4759-84f6-db7286523d1c}</UniqueIdentifier>
    </Filter>
    <Filter Include="02.GameObject\01.State\Hide_Idle">
      <UniqueIdentifier>{d5ff6100-4d90-46d3-b8d6-368f301649b4}</UniqueIdentifier>
    </Filter>
    <Filter Include="02.GameObject\01.State\Hide_Reloading">
      <UniqueIdentifier>{5de19201-987c-434a-bbbe-e05adaf81e6d}</UniqueIdentifier>
    </Filter>
    <Filter Include="02.GameObject\01.State\Run_Sign">
      <UniqueIdentifier>{4df8bf4f-4dd4-45a5-9816-791672149838}</UniqueIdentifier>
    </Filter>
    <Filter Include="02.GameObject\01.State\Run_ToHide">
      <UniqueIdentifier>{be6aab6b-eb17-4ef2-98d3-e429461a3435}</UniqueIdentifier>
    </Filter>
    <Filter Include="02.GameObject\01.State\Run_ToKnee">
      <UniqueIdentifier>{55e6945c-b53c-4d43-9c25-615e2f032bab}</UniqueIdentifier>
    </Filter>
    <Filter Include="02.GameObject\01.State\Run">
      <UniqueIdentifier>{a69c54cb-1954-47fa-b6b6-1549ad59a426}</UniqueIdentifier>
    </Filter>
    <Filter Include="02.GameObject\01.State\Knee_Zoom2">
      <UniqueIdentifier>{7424827a-8b52-48e0-8a8c-95ebe56a42c7}</UniqueIdentifier>
    </Filter>
    <Filter Include="02.GameObject\01.State\Knee_ZoomEnd">
      <UniqueIdentifier>{846862c0-c559-4e1e-84db-1f77840b779b}</UniqueIdentifier>
    </Filter>
    <Filter Include="02.GameObject\01.State\Knee_ZoomFire">
      <UniqueIdentifier>{a30eb0c8-7fbb-4805-8329-a09da6d66726}</UniqueIdentifier>
    </Filter>
    <Filter Include="02.GameObject\01.State\Knee_ZoomStart">
      <UniqueIdentifier>{a7082aa4-1b63-4a38-8094-0b1856ce9896}</UniqueIdentifier>
    </Filter>
    <Filter Include="02.GameObject\01.State\Knee_Sign">
      <UniqueIdentifier>{ae15a989-9507-4182-9d1f-3819f03eb6ea}</UniqueIdentifier>
    </Filter>
    <Filter Include="02.GameObject\01.State\Knee_Idle">
      <UniqueIdentifier>{5b4e355a-296e-44d9-b090-53fa02e6e0f6}</UniqueIdentifier>
    </Filter>
    <Filter Include="02.GameObject\01.State\Knee_Reload">
      <UniqueIdentifier>{edfe2f9c-a5fa-4138-95fa-6d35768c7bec}</UniqueIdentifier>
    </Filter>
    <Filter Include="02.GameObject\01.State\Skill">
      <UniqueIdentifier>{ab52868e-af78-426b-9f3a-e5bbf3335900}</UniqueIdentifier>
    </Filter>
    <Filter Include="02.GameObject\01.State\Victory">
      <UniqueIdentifier>{08493f5d-3d92-4b48-91f7-086c7784cdb5}</UniqueIdentifier>
    </Filter>
    <Filter Include="02.GameObject\01.State\Victory_Start">
      <UniqueIdentifier>{1c6a8df8-1e2a-489a-bcf7-50e258bfe91d}</UniqueIdentifier>
    </Filter>
    <Filter Include="02.GameObject\01.State\Dead">
      <UniqueIdentifier>{7f77a25c-7bdb-4406-85b9-91027ba4e886}</UniqueIdentifier>
    </Filter>
    <Filter Include="02.GameObject\01.State\Fail">
      <UniqueIdentifier>{df092256-4377-4032-8855-90c12097adbd}</UniqueIdentifier>
    </Filter>
    <Filter Include="02.GameObject\01.State\Fail_Knee">
      <UniqueIdentifier>{8fa4e897-5193-477f-87bd-9fdc737542aa}</UniqueIdentifier>
    </Filter>
    <Filter Include="02.GameObject\01.State\Retire">
      <UniqueIdentifier>{6a97aa19-5036-408e-9fcb-63c2755c227a}</UniqueIdentifier>
    </Filter>
    <Filter Include="02.GameObject\03.Camera\Camera_Main">
      <UniqueIdentifier>{9ff315c4-4dd3-4e98-831d-6671cbd76af1}</UniqueIdentifier>
    </Filter>
    <Filter Include="02.GameObject\06.Terrain\Map">
      <UniqueIdentifier>{cee214cd-7ee1-4f09-8656-e17646f93fec}</UniqueIdentifier>
    </Filter>
    <Filter Include="02.GameObject\02.Obstacle">
      <UniqueIdentifier>{7b947462-f795-4a94-b48b-f37e9288c354}</UniqueIdentifier>
    </Filter>
    <Filter Include="02.GameObject\00.Monster">
      <UniqueIdentifier>{55185f6b-c8e8-44a3-a0f9-ecb6ddf094ca}</UniqueIdentifier>
    </Filter>
    <Filter Include="02.GameObject\01.State\Hide_FireStart">
      <UniqueIdentifier>{95363383-2a10-499f-b0e8-f94e1e7c129a}</UniqueIdentifier>
    </Filter>
    <Filter Include="01.Level\Level_Formation">
      <UniqueIdentifier>{4dcbffa4-0c45-4902-bd56-e72df6b4ef97}</UniqueIdentifier>
    </Filter>
    <Filter Include="02.GameObject\06.Terrain\Formation_Terrain">
      <UniqueIdentifier>{bb9eab73-8a60-4965-b126-bc93a136cc2b}</UniqueIdentifier>
    </Filter>
    <Filter Include="02.GameObject\01.State\Ex">
      <UniqueIdentifier>{49b0521f-68e1-4d72-9e6f-a17210f48b90}</UniqueIdentifier>
    </Filter>
  </ItemGroup>
  <ItemGroup>
    <ResourceCompile Include="Client.rc">
      <Filter>98.Default</Filter>
    </ResourceCompile>
  </ItemGroup>
  <ItemGroup>
    <Text Include="ReadMe.txt">
      <Filter>98.Default</Filter>
    </Text>
  </ItemGroup>
  <ItemGroup>
    <FxCompile Include="..\Bin\ShaderFiles\Shader_VtxTex.hlsl">
      <Filter>03.ShaderFiles</Filter>
    </FxCompile>
    <FxCompile Include="..\Bin\ShaderFiles\Shader_VtxNorTex.hlsl">
      <Filter>03.ShaderFiles</Filter>
    </FxCompile>
    <FxCompile Include="..\Bin\ShaderFiles\Shader_VtxCubeTex.hlsl">
      <Filter>03.ShaderFiles</Filter>
    </FxCompile>
    <FxCompile Include="..\Bin\ShaderFiles\Shader_VtxModel.hlsl">
      <Filter>03.ShaderFiles</Filter>
    </FxCompile>
    <FxCompile Include="..\Bin\ShaderFiles\Shader_VtxAnimModel.hlsl">
      <Filter>03.ShaderFiles</Filter>
    </FxCompile>
  </ItemGroup>
</Project>